{
  "requires": true,
  "lockfileVersion": 1,
  "dependencies": {
    "ag-grid-angular": {
      "version": "23.2.1",
      "resolved": "https://registry.npmjs.org/ag-grid-angular/-/ag-grid-angular-23.2.1.tgz",
      "integrity": "sha512-SxP7IeLkjlqmh9nDBGy2uYpnc09DkGjjUNxrUrvYogMDnITcx1cKkQry4ayH9eNhq6pvRNcmzNlXPWN8JoAu7Q==",
      "requires": {
        "tslib": "^1.10.0"
      }
    },
    "ag-grid-community": {
      "version": "23.2.1",
      "resolved": "https://registry.npmjs.org/ag-grid-community/-/ag-grid-community-23.2.1.tgz",
      "integrity": "sha512-WHfDV7mFsd6eQJ5yOu26nnpnW7Gd02zcp9LHHfKQky8lfgTEo382qcja7MibHzB2f5vOCBdQnOPsWrbBNKRzhQ=="
    },
    "tslib": {
      "version": "1.13.0",
      "resolved": "https://registry.npmjs.org/tslib/-/tslib-1.13.0.tgz",
      "integrity": "sha512-i/6DQjL8Xf3be4K/E6Wgpekn5Qasl1usyw++dAA35Ue5orEn65VIxOA+YvNNl9HV3qv70T7CNwjODHZrLwvd1Q=="
    }
  }
}
